// !$*UTF8*$!
{
	archiveVersion = 1;
	classes = {
	};
	objectVersion = 56;
	objects = {

/* Begin PBXBuildFile section */
		2750EB632A5541A00058DE76 /* Catalog_iOSApp.swift in Sources */ = {isa = PBXBuildFile; fileRef = 2750EB622A5541A00058DE76 /* Catalog_iOSApp.swift */; };
		2750EB652A5541A00058DE76 /* ContentView.swift in Sources */ = {isa = PBXBuildFile; fileRef = 2750EB642A5541A00058DE76 /* ContentView.swift */; };
		2750EB672A5541A20058DE76 /* Assets.xcassets in Resources */ = {isa = PBXBuildFile; fileRef = 2750EB662A5541A20058DE76 /* Assets.xcassets */; };
		2750EB6A2A5541A20058DE76 /* Preview Assets.xcassets in Resources */ = {isa = PBXBuildFile; fileRef = 2750EB692A5541A20058DE76 /* Preview Assets.xcassets */; };
		2750EB772A5541BC0058DE76 /* Catalog_iOSTests.swift in Sources */ = {isa = PBXBuildFile; fileRef = 2750EB762A5541BC0058DE76 /* Catalog_iOSTests.swift */; };
		2750EB872A555C4D0058DE76 /* Products.json in Resources */ = {isa = PBXBuildFile; fileRef = 2750EB862A555C4D0058DE76 /* Products.json */; };
		2750EB8A2A5562400058DE76 /* Model.xcdatamodeld in Sources */ = {isa = PBXBuildFile; fileRef = 2750EB882A5562400058DE76 /* Model.xcdatamodeld */; };
		2750EB8E2A5566050058DE76 /* PersistenceController.swift in Sources */ = {isa = PBXBuildFile; fileRef = 2750EB8D2A5566050058DE76 /* PersistenceController.swift */; };
		2750EB922A55D19C0058DE76 /* ProductLocalDataSourceProtocol.swift in Sources */ = {isa = PBXBuildFile; fileRef = 2750EB912A55D19C0058DE76 /* ProductLocalDataSourceProtocol.swift */; };
		2750EB942A55D2820058DE76 /* ProductLocalDataSource.swift in Sources */ = {isa = PBXBuildFile; fileRef = 2750EB932A55D2820058DE76 /* ProductLocalDataSource.swift */; };
		2750EB972A55D6BF0058DE76 /* ProductModel.swift in Sources */ = {isa = PBXBuildFile; fileRef = 2750EB962A55D6BF0058DE76 /* ProductModel.swift */; };
		2750EB9A2A55E04B0058DE76 /* ProductRepositoryProtocol.swift in Sources */ = {isa = PBXBuildFile; fileRef = 2750EB992A55E04B0058DE76 /* ProductRepositoryProtocol.swift */; };
		2750EB9C2A55E05B0058DE76 /* ProductRepository.swift in Sources */ = {isa = PBXBuildFile; fileRef = 2750EB9B2A55E05B0058DE76 /* ProductRepository.swift */; };
		2750EB9F2A55E4A90058DE76 /* ListController.swift in Sources */ = {isa = PBXBuildFile; fileRef = 2750EB9E2A55E4A90058DE76 /* ListController.swift */; };
		2750EBA22A55EACD0058DE76 /* ProductMapper.swift in Sources */ = {isa = PBXBuildFile; fileRef = 2750EBA12A55EACD0058DE76 /* ProductMapper.swift */; };
		2750EBA52A55EDA50058DE76 /* Injection.swift in Sources */ = {isa = PBXBuildFile; fileRef = 2750EBA42A55EDA50058DE76 /* Injection.swift */; };
/* End PBXBuildFile section */

/* Begin PBXContainerItemProxy section */
		2750EB782A5541BC0058DE76 /* PBXContainerItemProxy */ = {
			isa = PBXContainerItemProxy;
			containerPortal = 2750EB572A5541A00058DE76 /* Project object */;
			proxyType = 1;
			remoteGlobalIDString = 2750EB5E2A5541A00058DE76;
			remoteInfo = "Catalog-iOS";
		};
/* End PBXContainerItemProxy section */

/* Begin PBXFileReference section */
		2750EB5F2A5541A00058DE76 /* Catalog-iOS.app */ = {isa = PBXFileReference; explicitFileType = wrapper.application; includeInIndex = 0; path = "Catalog-iOS.app"; sourceTree = BUILT_PRODUCTS_DIR; };
		2750EB622A5541A00058DE76 /* Catalog_iOSApp.swift */ = {isa = PBXFileReference; lastKnownFileType = sourcecode.swift; path = Catalog_iOSApp.swift; sourceTree = "<group>"; };
		2750EB642A5541A00058DE76 /* ContentView.swift */ = {isa = PBXFileReference; lastKnownFileType = sourcecode.swift; path = ContentView.swift; sourceTree = "<group>"; };
		2750EB662A5541A20058DE76 /* Assets.xcassets */ = {isa = PBXFileReference; lastKnownFileType = folder.assetcatalog; path = Assets.xcassets; sourceTree = "<group>"; };
		2750EB692A5541A20058DE76 /* Preview Assets.xcassets */ = {isa = PBXFileReference; lastKnownFileType = folder.assetcatalog; path = "Preview Assets.xcassets"; sourceTree = "<group>"; };
		2750EB742A5541BC0058DE76 /* Catalog-iOSTests.xctest */ = {isa = PBXFileReference; explicitFileType = wrapper.cfbundle; includeInIndex = 0; path = "Catalog-iOSTests.xctest"; sourceTree = BUILT_PRODUCTS_DIR; };
		2750EB762A5541BC0058DE76 /* Catalog_iOSTests.swift */ = {isa = PBXFileReference; lastKnownFileType = sourcecode.swift; path = Catalog_iOSTests.swift; sourceTree = "<group>"; };
		2750EB862A555C4D0058DE76 /* Products.json */ = {isa = PBXFileReference; lastKnownFileType = text.json; path = Products.json; sourceTree = "<group>"; };
		2750EB892A5562400058DE76 /* Model.xcdatamodel */ = {isa = PBXFileReference; lastKnownFileType = wrapper.xcdatamodel; path = Model.xcdatamodel; sourceTree = "<group>"; };
		2750EB8D2A5566050058DE76 /* PersistenceController.swift */ = {isa = PBXFileReference; lastKnownFileType = sourcecode.swift; path = PersistenceController.swift; sourceTree = "<group>"; };
		2750EB912A55D19C0058DE76 /* ProductLocalDataSourceProtocol.swift */ = {isa = PBXFileReference; lastKnownFileType = sourcecode.swift; path = ProductLocalDataSourceProtocol.swift; sourceTree = "<group>"; };
		2750EB932A55D2820058DE76 /* ProductLocalDataSource.swift */ = {isa = PBXFileReference; lastKnownFileType = sourcecode.swift; path = ProductLocalDataSource.swift; sourceTree = "<group>"; };
		2750EB962A55D6BF0058DE76 /* ProductModel.swift */ = {isa = PBXFileReference; lastKnownFileType = sourcecode.swift; path = ProductModel.swift; sourceTree = "<group>"; };
		2750EB992A55E04B0058DE76 /* ProductRepositoryProtocol.swift */ = {isa = PBXFileReference; lastKnownFileType = sourcecode.swift; path = ProductRepositoryProtocol.swift; sourceTree = "<group>"; };
		2750EB9B2A55E05B0058DE76 /* ProductRepository.swift */ = {isa = PBXFileReference; lastKnownFileType = sourcecode.swift; path = ProductRepository.swift; sourceTree = "<group>"; };
		2750EB9E2A55E4A90058DE76 /* ListController.swift */ = {isa = PBXFileReference; lastKnownFileType = sourcecode.swift; path = ListController.swift; sourceTree = "<group>"; };
		2750EBA12A55EACD0058DE76 /* ProductMapper.swift */ = {isa = PBXFileReference; lastKnownFileType = sourcecode.swift; path = ProductMapper.swift; sourceTree = "<group>"; };
		2750EBA42A55EDA50058DE76 /* Injection.swift */ = {isa = PBXFileReference; lastKnownFileType = sourcecode.swift; path = Injection.swift; sourceTree = "<group>"; };
/* End PBXFileReference section */

/* Begin PBXFrameworksBuildPhase section */
		2750EB5C2A5541A00058DE76 /* Frameworks */ = {
			isa = PBXFrameworksBuildPhase;
			buildActionMask = 2147483647;
			files = (
			);
			runOnlyForDeploymentPostprocessing = 0;
		};
		2750EB712A5541BC0058DE76 /* Frameworks */ = {
			isa = PBXFrameworksBuildPhase;
			buildActionMask = 2147483647;
			files = (
			);
			runOnlyForDeploymentPostprocessing = 0;
		};
/* End PBXFrameworksBuildPhase section */

/* Begin PBXGroup section */
		2750EB562A5541A00058DE76 = {
			isa = PBXGroup;
			children = (
				2750EB612A5541A00058DE76 /* Catalog-iOS */,
				2750EB752A5541BC0058DE76 /* Catalog-iOSTests */,
				2750EB602A5541A00058DE76 /* Products */,
			);
			sourceTree = "<group>";
		};
		2750EB602A5541A00058DE76 /* Products */ = {
			isa = PBXGroup;
			children = (
				2750EB5F2A5541A00058DE76 /* Catalog-iOS.app */,
				2750EB742A5541BC0058DE76 /* Catalog-iOSTests.xctest */,
			);
			name = Products;
			sourceTree = "<group>";
		};
		2750EB612A5541A00058DE76 /* Catalog-iOS */ = {
			isa = PBXGroup;
			children = (
				2750EBA32A55ED970058DE76 /* Injection */,
				2750EB9D2A55E4800058DE76 /* Pages */,
				2750EB952A55D6AA0058DE76 /* Models */,
				2750EB8F2A55D0480058DE76 /* Data */,
				2750EB8B2A55651E0058DE76 /* Helpers */,
				2750EB852A555BEE0058DE76 /* Resources */,
				2750EB622A5541A00058DE76 /* Catalog_iOSApp.swift */,
				2750EB642A5541A00058DE76 /* ContentView.swift */,
				2750EB662A5541A20058DE76 /* Assets.xcassets */,
				2750EB682A5541A20058DE76 /* Preview Content */,
				2750EB882A5562400058DE76 /* Model.xcdatamodeld */,
			);
			path = "Catalog-iOS";
			sourceTree = "<group>";
		};
		2750EB682A5541A20058DE76 /* Preview Content */ = {
			isa = PBXGroup;
			children = (
				2750EB692A5541A20058DE76 /* Preview Assets.xcassets */,
			);
			path = "Preview Content";
			sourceTree = "<group>";
		};
		2750EB752A5541BC0058DE76 /* Catalog-iOSTests */ = {
			isa = PBXGroup;
			children = (
				2750EB762A5541BC0058DE76 /* Catalog_iOSTests.swift */,
			);
			path = "Catalog-iOSTests";
			sourceTree = "<group>";
		};
		2750EB852A555BEE0058DE76 /* Resources */ = {
			isa = PBXGroup;
			children = (
				2750EB862A555C4D0058DE76 /* Products.json */,
			);
			path = Resources;
			sourceTree = "<group>";
		};
		2750EB8B2A55651E0058DE76 /* Helpers */ = {
			isa = PBXGroup;
			children = (
				2750EBA02A55EAAD0058DE76 /* Mapper */,
				2750EB8C2A5565F80058DE76 /* CoreData */,
			);
			path = Helpers;
			sourceTree = "<group>";
		};
		2750EB8C2A5565F80058DE76 /* CoreData */ = {
			isa = PBXGroup;
			children = (
				2750EB8D2A5566050058DE76 /* PersistenceController.swift */,
			);
			path = CoreData;
			sourceTree = "<group>";
		};
		2750EB8F2A55D0480058DE76 /* Data */ = {
			isa = PBXGroup;
			children = (
				2750EB982A55E0250058DE76 /* Repository */,
				2750EB902A55D0D20058DE76 /* DataSource */,
			);
			path = Data;
			sourceTree = "<group>";
		};
		2750EB902A55D0D20058DE76 /* DataSource */ = {
			isa = PBXGroup;
			children = (
				2750EB912A55D19C0058DE76 /* ProductLocalDataSourceProtocol.swift */,
				2750EB932A55D2820058DE76 /* ProductLocalDataSource.swift */,
			);
			path = DataSource;
			sourceTree = "<group>";
		};
		2750EB952A55D6AA0058DE76 /* Models */ = {
			isa = PBXGroup;
			children = (
				2750EB962A55D6BF0058DE76 /* ProductModel.swift */,
			);
			path = Models;
			sourceTree = "<group>";
		};
		2750EB982A55E0250058DE76 /* Repository */ = {
			isa = PBXGroup;
			children = (
				2750EB992A55E04B0058DE76 /* ProductRepositoryProtocol.swift */,
				2750EB9B2A55E05B0058DE76 /* ProductRepository.swift */,
			);
			path = Repository;
			sourceTree = "<group>";
		};
		2750EB9D2A55E4800058DE76 /* Pages */ = {
			isa = PBXGroup;
			children = (
				2750EB9E2A55E4A90058DE76 /* ListController.swift */,
			);
			path = Pages;
			sourceTree = "<group>";
		};
		2750EBA02A55EAAD0058DE76 /* Mapper */ = {
			isa = PBXGroup;
			children = (
				2750EBA12A55EACD0058DE76 /* ProductMapper.swift */,
			);
			path = Mapper;
			sourceTree = "<group>";
		};
		2750EBA32A55ED970058DE76 /* Injection */ = {
			isa = PBXGroup;
			children = (
				2750EBA42A55EDA50058DE76 /* Injection.swift */,
			);
			path = Injection;
			sourceTree = "<group>";
		};
/* End PBXGroup section */

/* Begin PBXNativeTarget section */
		2750EB5E2A5541A00058DE76 /* Catalog-iOS */ = {
			isa = PBXNativeTarget;
			buildConfigurationList = 2750EB6D2A5541A20058DE76 /* Build configuration list for PBXNativeTarget "Catalog-iOS" */;
			buildPhases = (
				2750EB5B2A5541A00058DE76 /* Sources */,
				2750EB5C2A5541A00058DE76 /* Frameworks */,
				2750EB5D2A5541A00058DE76 /* Resources */,
			);
			buildRules = (
			);
			dependencies = (
			);
			name = "Catalog-iOS";
			productName = "Catalog-iOS";
			productReference = 2750EB5F2A5541A00058DE76 /* Catalog-iOS.app */;
			productType = "com.apple.product-type.application";
		};
		2750EB732A5541BC0058DE76 /* Catalog-iOSTests */ = {
			isa = PBXNativeTarget;
			buildConfigurationList = 2750EB7A2A5541BC0058DE76 /* Build configuration list for PBXNativeTarget "Catalog-iOSTests" */;
			buildPhases = (
				2750EB702A5541BC0058DE76 /* Sources */,
				2750EB712A5541BC0058DE76 /* Frameworks */,
				2750EB722A5541BC0058DE76 /* Resources */,
			);
			buildRules = (
			);
			dependencies = (
				2750EB792A5541BC0058DE76 /* PBXTargetDependency */,
			);
			name = "Catalog-iOSTests";
			productName = "Catalog-iOSTests";
			productReference = 2750EB742A5541BC0058DE76 /* Catalog-iOSTests.xctest */;
			productType = "com.apple.product-type.bundle.unit-test";
		};
/* End PBXNativeTarget section */

/* Begin PBXProject section */
		2750EB572A5541A00058DE76 /* Project object */ = {
			isa = PBXProject;
			attributes = {
				BuildIndependentTargetsInParallel = 1;
				LastSwiftUpdateCheck = 1430;
				LastUpgradeCheck = 1430;
				TargetAttributes = {
					2750EB5E2A5541A00058DE76 = {
						CreatedOnToolsVersion = 14.3.1;
					};
					2750EB732A5541BC0058DE76 = {
						CreatedOnToolsVersion = 14.3.1;
						TestTargetID = 2750EB5E2A5541A00058DE76;
					};
				};
			};
			buildConfigurationList = 2750EB5A2A5541A00058DE76 /* Build configuration list for PBXProject "Catalog-iOS" */;
			compatibilityVersion = "Xcode 14.0";
			developmentRegion = en;
			hasScannedForEncodings = 0;
			knownRegions = (
				en,
				Base,
			);
			mainGroup = 2750EB562A5541A00058DE76;
			productRefGroup = 2750EB602A5541A00058DE76 /* Products */;
			projectDirPath = "";
			projectRoot = "";
			targets = (
				2750EB5E2A5541A00058DE76 /* Catalog-iOS */,
				2750EB732A5541BC0058DE76 /* Catalog-iOSTests */,
			);
		};
/* End PBXProject section */

/* Begin PBXResourcesBuildPhase section */
		2750EB5D2A5541A00058DE76 /* Resources */ = {
			isa = PBXResourcesBuildPhase;
			buildActionMask = 2147483647;
			files = (
				2750EB6A2A5541A20058DE76 /* Preview Assets.xcassets in Resources */,
				2750EB672A5541A20058DE76 /* Assets.xcassets in Resources */,
				2750EB872A555C4D0058DE76 /* Products.json in Resources */,
			);
			runOnlyForDeploymentPostprocessing = 0;
		};
		2750EB722A5541BC0058DE76 /* Resources */ = {
			isa = PBXResourcesBuildPhase;
			buildActionMask = 2147483647;
			files = (
			);
			runOnlyForDeploymentPostprocessing = 0;
		};
/* End PBXResourcesBuildPhase section */

/* Begin PBXSourcesBuildPhase section */
		2750EB5B2A5541A00058DE76 /* Sources */ = {
			isa = PBXSourcesBuildPhase;
			buildActionMask = 2147483647;
			files = (
				2750EBA22A55EACD0058DE76 /* ProductMapper.swift in Sources */,
				2750EB652A5541A00058DE76 /* ContentView.swift in Sources */,
				2750EB9F2A55E4A90058DE76 /* ListController.swift in Sources */,
				2750EB632A5541A00058DE76 /* Catalog_iOSApp.swift in Sources */,
				2750EB9C2A55E05B0058DE76 /* ProductRepository.swift in Sources */,
				2750EB8A2A5562400058DE76 /* Model.xcdatamodeld in Sources */,
				2750EB8E2A5566050058DE76 /* PersistenceController.swift in Sources */,
				2750EB942A55D2820058DE76 /* ProductLocalDataSource.swift in Sources */,
				2750EB9A2A55E04B0058DE76 /* ProductRepositoryProtocol.swift in Sources */,
				2750EBA52A55EDA50058DE76 /* Injection.swift in Sources */,
				2750EB972A55D6BF0058DE76 /* ProductModel.swift in Sources */,
				2750EB922A55D19C0058DE76 /* ProductLocalDataSourceProtocol.swift in Sources */,
			);
			runOnlyForDeploymentPostprocessing = 0;
		};
		2750EB702A5541BC0058DE76 /* Sources */ = {
			isa = PBXSourcesBuildPhase;
			buildActionMask = 2147483647;
			files = (
				2750EB772A5541BC0058DE76 /* Catalog_iOSTests.swift in Sources */,
			);
			runOnlyForDeploymentPostprocessing = 0;
		};
/* End PBXSourcesBuildPhase section */

/* Begin PBXTargetDependency section */
		2750EB792A5541BC0058DE76 /* PBXTargetDependency */ = {
			isa = PBXTargetDependency;
			target = 2750EB5E2A5541A00058DE76 /* Catalog-iOS */;
			targetProxy = 2750EB782A5541BC0058DE76 /* PBXContainerItemProxy */;
		};
/* End PBXTargetDependency section */

/* Begin XCBuildConfiguration section */
		2750EB6B2A5541A20058DE76 /* Debug */ = {
			isa = XCBuildConfiguration;
			buildSettings = {
				ALWAYS_SEARCH_USER_PATHS = NO;
				CLANG_ANALYZER_NONNULL = YES;
				CLANG_ANALYZER_NUMBER_OBJECT_CONVERSION = YES_AGGRESSIVE;
				CLANG_CXX_LANGUAGE_STANDARD = "gnu++20";
				CLANG_ENABLE_MODULES = YES;
				CLANG_ENABLE_OBJC_ARC = YES;
				CLANG_ENABLE_OBJC_WEAK = YES;
				CLANG_WARN_BLOCK_CAPTURE_AUTORELEASING = YES;
				CLANG_WARN_BOOL_CONVERSION = YES;
				CLANG_WARN_COMMA = YES;
				CLANG_WARN_CONSTANT_CONVERSION = YES;
				CLANG_WARN_DEPRECATED_OBJC_IMPLEMENTATIONS = YES;
				CLANG_WARN_DIRECT_OBJC_ISA_USAGE = YES_ERROR;
				CLANG_WARN_DOCUMENTATION_COMMENTS = YES;
				CLANG_WARN_EMPTY_BODY = YES;
				CLANG_WARN_ENUM_CONVERSION = YES;
				CLANG_WARN_INFINITE_RECURSION = YES;
				CLANG_WARN_INT_CONVERSION = YES;
				CLANG_WARN_NON_LITERAL_NULL_CONVERSION = YES;
				CLANG_WARN_OBJC_IMPLICIT_RETAIN_SELF = YES;
				CLANG_WARN_OBJC_LITERAL_CONVERSION = YES;
				CLANG_WARN_OBJC_ROOT_CLASS = YES_ERROR;
				CLANG_WARN_QUOTED_INCLUDE_IN_FRAMEWORK_HEADER = YES;
				CLANG_WARN_RANGE_LOOP_ANALYSIS = YES;
				CLANG_WARN_STRICT_PROTOTYPES = YES;
				CLANG_WARN_SUSPICIOUS_MOVE = YES;
				CLANG_WARN_UNGUARDED_AVAILABILITY = YES_AGGRESSIVE;
				CLANG_WARN_UNREACHABLE_CODE = YES;
				CLANG_WARN__DUPLICATE_METHOD_MATCH = YES;
				COPY_PHASE_STRIP = NO;
				DEBUG_INFORMATION_FORMAT = dwarf;
				ENABLE_STRICT_OBJC_MSGSEND = YES;
				ENABLE_TESTABILITY = YES;
				GCC_C_LANGUAGE_STANDARD = gnu11;
				GCC_DYNAMIC_NO_PIC = NO;
				GCC_NO_COMMON_BLOCKS = YES;
				GCC_OPTIMIZATION_LEVEL = 0;
				GCC_PREPROCESSOR_DEFINITIONS = (
					"DEBUG=1",
					"$(inherited)",
				);
				GCC_WARN_64_TO_32_BIT_CONVERSION = YES;
				GCC_WARN_ABOUT_RETURN_TYPE = YES_ERROR;
				GCC_WARN_UNDECLARED_SELECTOR = YES;
				GCC_WARN_UNINITIALIZED_AUTOS = YES_AGGRESSIVE;
				GCC_WARN_UNUSED_FUNCTION = YES;
				GCC_WARN_UNUSED_VARIABLE = YES;
				IPHONEOS_DEPLOYMENT_TARGET = 16.4;
				MTL_ENABLE_DEBUG_INFO = INCLUDE_SOURCE;
				MTL_FAST_MATH = YES;
				ONLY_ACTIVE_ARCH = YES;
				SDKROOT = iphoneos;
				SWIFT_ACTIVE_COMPILATION_CONDITIONS = DEBUG;
				SWIFT_OPTIMIZATION_LEVEL = "-Onone";
			};
			name = Debug;
		};
		2750EB6C2A5541A20058DE76 /* Release */ = {
			isa = XCBuildConfiguration;
			buildSettings = {
				ALWAYS_SEARCH_USER_PATHS = NO;
				CLANG_ANALYZER_NONNULL = YES;
				CLANG_ANALYZER_NUMBER_OBJECT_CONVERSION = YES_AGGRESSIVE;
				CLANG_CXX_LANGUAGE_STANDARD = "gnu++20";
				CLANG_ENABLE_MODULES = YES;
				CLANG_ENABLE_OBJC_ARC = YES;
				CLANG_ENABLE_OBJC_WEAK = YES;
				CLANG_WARN_BLOCK_CAPTURE_AUTORELEASING = YES;
				CLANG_WARN_BOOL_CONVERSION = YES;
				CLANG_WARN_COMMA = YES;
				CLANG_WARN_CONSTANT_CONVERSION = YES;
				CLANG_WARN_DEPRECATED_OBJC_IMPLEMENTATIONS = YES;
				CLANG_WARN_DIRECT_OBJC_ISA_USAGE = YES_ERROR;
				CLANG_WARN_DOCUMENTATION_COMMENTS = YES;
				CLANG_WARN_EMPTY_BODY = YES;
				CLANG_WARN_ENUM_CONVERSION = YES;
				CLANG_WARN_INFINITE_RECURSION = YES;
				CLANG_WARN_INT_CONVERSION = YES;
				CLANG_WARN_NON_LITERAL_NULL_CONVERSION = YES;
				CLANG_WARN_OBJC_IMPLICIT_RETAIN_SELF = YES;
				CLANG_WARN_OBJC_LITERAL_CONVERSION = YES;
				CLANG_WARN_OBJC_ROOT_CLASS = YES_ERROR;
				CLANG_WARN_QUOTED_INCLUDE_IN_FRAMEWORK_HEADER = YES;
				CLANG_WARN_RANGE_LOOP_ANALYSIS = YES;
				CLANG_WARN_STRICT_PROTOTYPES = YES;
				CLANG_WARN_SUSPICIOUS_MOVE = YES;
				CLANG_WARN_UNGUARDED_AVAILABILITY = YES_AGGRESSIVE;
				CLANG_WARN_UNREACHABLE_CODE = YES;
				CLANG_WARN__DUPLICATE_METHOD_MATCH = YES;
				COPY_PHASE_STRIP = NO;
				DEBUG_INFORMATION_FORMAT = "dwarf-with-dsym";
				ENABLE_NS_ASSERTIONS = NO;
				ENABLE_STRICT_OBJC_MSGSEND = YES;
				GCC_C_LANGUAGE_STANDARD = gnu11;
				GCC_NO_COMMON_BLOCKS = YES;
				GCC_WARN_64_TO_32_BIT_CONVERSION = YES;
				GCC_WARN_ABOUT_RETURN_TYPE = YES_ERROR;
				GCC_WARN_UNDECLARED_SELECTOR = YES;
				GCC_WARN_UNINITIALIZED_AUTOS = YES_AGGRESSIVE;
				GCC_WARN_UNUSED_FUNCTION = YES;
				GCC_WARN_UNUSED_VARIABLE = YES;
				IPHONEOS_DEPLOYMENT_TARGET = 16.4;
				MTL_ENABLE_DEBUG_INFO = NO;
				MTL_FAST_MATH = YES;
				SDKROOT = iphoneos;
				SWIFT_COMPILATION_MODE = wholemodule;
				SWIFT_OPTIMIZATION_LEVEL = "-O";
				VALIDATE_PRODUCT = YES;
			};
			name = Release;
		};
		2750EB6E2A5541A20058DE76 /* Debug */ = {
			isa = XCBuildConfiguration;
			buildSettings = {
				ASSETCATALOG_COMPILER_APPICON_NAME = AppIcon;
				ASSETCATALOG_COMPILER_GLOBAL_ACCENT_COLOR_NAME = AccentColor;
				CODE_SIGN_STYLE = Automatic;
				CURRENT_PROJECT_VERSION = 1;
				DEVELOPMENT_ASSET_PATHS = "\"Catalog-iOS/Preview Content\"";
				ENABLE_PREVIEWS = YES;
				GENERATE_INFOPLIST_FILE = YES;
				INFOPLIST_KEY_UIApplicationSceneManifest_Generation = YES;
				INFOPLIST_KEY_UIApplicationSupportsIndirectInputEvents = YES;
				INFOPLIST_KEY_UILaunchScreen_Generation = YES;
				INFOPLIST_KEY_UISupportedInterfaceOrientations_iPad = "UIInterfaceOrientationPortrait UIInterfaceOrientationPortraitUpsideDown UIInterfaceOrientationLandscapeLeft UIInterfaceOrientationLandscapeRight";
				INFOPLIST_KEY_UISupportedInterfaceOrientations_iPhone = "UIInterfaceOrientationPortrait UIInterfaceOrientationLandscapeLeft UIInterfaceOrientationLandscapeRight";
				LD_RUNPATH_SEARCH_PATHS = (
					"$(inherited)",
					"@executable_path/Frameworks",
				);
				MARKETING_VERSION = 1.0;
				PRODUCT_BUNDLE_IDENTIFIER = "com.septiadi.Catalog-iOS";
				PRODUCT_NAME = "$(TARGET_NAME)";
				SWIFT_EMIT_LOC_STRINGS = YES;
				SWIFT_VERSION = 5.0;
				TARGETED_DEVICE_FAMILY = "1,2";
			};
			name = Debug;
		};
		2750EB6F2A5541A20058DE76 /* Release */ = {
			isa = XCBuildConfiguration;
			buildSettings = {
				ASSETCATALOG_COMPILER_APPICON_NAME = AppIcon;
				ASSETCATALOG_COMPILER_GLOBAL_ACCENT_COLOR_NAME = AccentColor;
				CODE_SIGN_STYLE = Automatic;
				CURRENT_PROJECT_VERSION = 1;
				DEVELOPMENT_ASSET_PATHS = "\"Catalog-iOS/Preview Content\"";
				ENABLE_PREVIEWS = YES;
				GENERATE_INFOPLIST_FILE = YES;
				INFOPLIST_KEY_UIApplicationSceneManifest_Generation = YES;
				INFOPLIST_KEY_UIApplicationSupportsIndirectInputEvents = YES;
				INFOPLIST_KEY_UILaunchScreen_Generation = YES;
				INFOPLIST_KEY_UISupportedInterfaceOrientations_iPad = "UIInterfaceOrientationPortrait UIInterfaceOrientationPortraitUpsideDown UIInterfaceOrientationLandscapeLeft UIInterfaceOrientationLandscapeRight";
				INFOPLIST_KEY_UISupportedInterfaceOrientations_iPhone = "UIInterfaceOrientationPortrait UIInterfaceOrientationLandscapeLeft UIInterfaceOrientationLandscapeRight";
				LD_RUNPATH_SEARCH_PATHS = (
					"$(inherited)",
					"@executable_path/Frameworks",
				);
				MARKETING_VERSION = 1.0;
				PRODUCT_BUNDLE_IDENTIFIER = "com.septiadi.Catalog-iOS";
				PRODUCT_NAME = "$(TARGET_NAME)";
				SWIFT_EMIT_LOC_STRINGS = YES;
				SWIFT_VERSION = 5.0;
				TARGETED_DEVICE_FAMILY = "1,2";
			};
			name = Release;
		};
		2750EB7B2A5541BC0058DE76 /* Debug */ = {
			isa = XCBuildConfiguration;
			buildSettings = {
				BUNDLE_LOADER = "$(TEST_HOST)";
				CODE_SIGN_STYLE = Automatic;
				CURRENT_PROJECT_VERSION = 1;
				GENERATE_INFOPLIST_FILE = YES;
				MARKETING_VERSION = 1.0;
				PRODUCT_BUNDLE_IDENTIFIER = "com.septiadi.Catalog-iOSTests";
				PRODUCT_NAME = "$(TARGET_NAME)";
				SWIFT_EMIT_LOC_STRINGS = NO;
				SWIFT_VERSION = 5.0;
				TARGETED_DEVICE_FAMILY = "1,2";
				TEST_HOST = "$(BUILT_PRODUCTS_DIR)/Catalog-iOS.app/$(BUNDLE_EXECUTABLE_FOLDER_PATH)/Catalog-iOS";
			};
			name = Debug;
		};
		2750EB7C2A5541BC0058DE76 /* Release */ = {
			isa = XCBuildConfiguration;
			buildSettings = {
				BUNDLE_LOADER = "$(TEST_HOST)";
				CODE_SIGN_STYLE = Automatic;
				CURRENT_PROJECT_VERSION = 1;
				GENERATE_INFOPLIST_FILE = YES;
				MARKETING_VERSION = 1.0;
				PRODUCT_BUNDLE_IDENTIFIER = "com.septiadi.Catalog-iOSTests";
				PRODUCT_NAME = "$(TARGET_NAME)";
				SWIFT_EMIT_LOC_STRINGS = NO;
				SWIFT_VERSION = 5.0;
				TARGETED_DEVICE_FAMILY = "1,2";
				TEST_HOST = "$(BUILT_PRODUCTS_DIR)/Catalog-iOS.app/$(BUNDLE_EXECUTABLE_FOLDER_PATH)/Catalog-iOS";
			};
			name = Release;
		};
/* End XCBuildConfiguration section */

/* Begin XCConfigurationList section */
		2750EB5A2A5541A00058DE76 /* Build configuration list for PBXProject "Catalog-iOS" */ = {
			isa = XCConfigurationList;
			buildConfigurations = (
				2750EB6B2A5541A20058DE76 /* Debug */,
				2750EB6C2A5541A20058DE76 /* Release */,
			);
			defaultConfigurationIsVisible = 0;
			defaultConfigurationName = Release;
		};
		2750EB6D2A5541A20058DE76 /* Build configuration list for PBXNativeTarget "Catalog-iOS" */ = {
			isa = XCConfigurationList;
			buildConfigurations = (
				2750EB6E2A5541A20058DE76 /* Debug */,
				2750EB6F2A5541A20058DE76 /* Release */,
			);
			defaultConfigurationIsVisible = 0;
			defaultConfigurationName = Release;
		};
		2750EB7A2A5541BC0058DE76 /* Build configuration list for PBXNativeTarget "Catalog-iOSTests" */ = {
			isa = XCConfigurationList;
			buildConfigurations = (
				2750EB7B2A5541BC0058DE76 /* Debug */,
				2750EB7C2A5541BC0058DE76 /* Release */,
			);
			defaultConfigurationIsVisible = 0;
			defaultConfigurationName = Release;
		};
/* End XCConfigurationList section */

/* Begin XCVersionGroup section */
		2750EB882A5562400058DE76 /* Model.xcdatamodeld */ = {
			isa = XCVersionGroup;
			children = (
				2750EB892A5562400058DE76 /* Model.xcdatamodel */,
			);
			currentVersion = 2750EB892A5562400058DE76 /* Model.xcdatamodel */;
			path = Model.xcdatamodeld;
			sourceTree = "<group>";
			versionGroupType = wrapper.xcdatamodel;
		};
/* End XCVersionGroup section */
	};
	rootObject = 2750EB572A5541A00058DE76 /* Project object */;
}
